// !$*UTF8*$!
{
	archiveVersion = 1;
	classes = {
	};
	objectVersion = 46;
	objects = {

/* Begin PBXBuildFile section */
		DDE81D3D1C7C05C100FC6F94 /* main.m in Sources */ = {isa = PBXBuildFile; fileRef = DDE81D3C1C7C05C100FC6F94 /* main.m */; };
		DDE81D401C7C05C100FC6F94 /* AppDelegate.m in Sources */ = {isa = PBXBuildFile; fileRef = DDE81D3F1C7C05C100FC6F94 /* AppDelegate.m */; };
		DDE81D431C7C05C100FC6F94 /* ViewController.m in Sources */ = {isa = PBXBuildFile; fileRef = DDE81D421C7C05C100FC6F94 /* ViewController.m */; };
		DDE81D461C7C05C100FC6F94 /* Main.storyboard in Resources */ = {isa = PBXBuildFile; fileRef = DDE81D441C7C05C100FC6F94 /* Main.storyboard */; };
		DDE81D481C7C05C100FC6F94 /* Assets.xcassets in Resources */ = {isa = PBXBuildFile; fileRef = DDE81D471C7C05C100FC6F94 /* Assets.xcassets */; };
		DDE81D4B1C7C05C100FC6F94 /* LaunchScreen.storyboard in Resources */ = {isa = PBXBuildFile; fileRef = DDE81D491C7C05C100FC6F94 /* LaunchScreen.storyboard */; };
		DDE81D561C7C05C200FC6F94 /* JSPatchTestTests.m in Sources */ = {isa = PBXBuildFile; fileRef = DDE81D551C7C05C200FC6F94 /* JSPatchTestTests.m */; };
		DDE81D611C7C05C200FC6F94 /* JSPatchTestUITests.m in Sources */ = {isa = PBXBuildFile; fileRef = DDE81D601C7C05C200FC6F94 /* JSPatchTestUITests.m */; };
		DDE81D751C7C75E000FC6F94 /* JavaScriptCore.framework in Frameworks */ = {isa = PBXBuildFile; fileRef = DDE81D741C7C75E000FC6F94 /* JavaScriptCore.framework */; };
		DDE81D8A1C7D966000FC6F94 /* JPEngine.m in Sources */ = {isa = PBXBuildFile; fileRef = DDE81D881C7D966000FC6F94 /* JPEngine.m */; };
		DDE81D8B1C7D966000FC6F94 /* JSPatch.js in Resources */ = {isa = PBXBuildFile; fileRef = DDE81D891C7D966000FC6F94 /* JSPatch.js */; };
		DDE81D911C7D97F900FC6F94 /* test.plist in Resources */ = {isa = PBXBuildFile; fileRef = DDE81D901C7D97F900FC6F94 /* test.plist */; };
		DDE81D931C7D991700FC6F94 /* myjspatch.js in Resources */ = {isa = PBXBuildFile; fileRef = DDE81D921C7D991700FC6F94 /* myjspatch.js */; };
/* End PBXBuildFile section */

/* Begin PBXContainerItemProxy section */
		DDE81D521C7C05C100FC6F94 /* PBXContainerItemProxy */ = {
			isa = PBXContainerItemProxy;
			containerPortal = DDE81D301C7C05C100FC6F94 /* Project object */;
			proxyType = 1;
			remoteGlobalIDString = DDE81D371C7C05C100FC6F94;
			remoteInfo = JSPatchTest;
		};
		DDE81D5D1C7C05C200FC6F94 /* PBXContainerItemProxy */ = {
			isa = PBXContainerItemProxy;
			containerPortal = DDE81D301C7C05C100FC6F94 /* Project object */;
			proxyType = 1;
			remoteGlobalIDString = DDE81D371C7C05C100FC6F94;
			remoteInfo = JSPatchTest;
		};
/* End PBXContainerItemProxy section */

/* Begin PBXFileReference section */
		DDE81D381C7C05C100FC6F94 /* JSPatchTest.app */ = {isa = PBXFileReference; explicitFileType = wrapper.application; includeInIndex = 0; path = JSPatchTest.app; sourceTree = BUILT_PRODUCTS_DIR; };
		DDE81D3C1C7C05C100FC6F94 /* main.m */ = {isa = PBXFileReference; lastKnownFileType = sourcecode.c.objc; path = main.m; sourceTree = "<group>"; };
		DDE81D3E1C7C05C100FC6F94 /* AppDelegate.h */ = {isa = PBXFileReference; lastKnownFileType = sourcecode.c.h; path = AppDelegate.h; sourceTree = "<group>"; };
		DDE81D3F1C7C05C100FC6F94 /* AppDelegate.m */ = {isa = PBXFileReference; lastKnownFileType = sourcecode.c.objc; path = AppDelegate.m; sourceTree = "<group>"; };
		DDE81D411C7C05C100FC6F94 /* ViewController.h */ = {isa = PBXFileReference; lastKnownFileType = sourcecode.c.h; path = ViewController.h; sourceTree = "<group>"; };
		DDE81D421C7C05C100FC6F94 /* ViewController.m */ = {isa = PBXFileReference; lastKnownFileType = sourcecode.c.objc; path = ViewController.m; sourceTree = "<group>"; };
		DDE81D451C7C05C100FC6F94 /* Base */ = {isa = PBXFileReference; lastKnownFileType = file.storyboard; name = Base; path = Base.lproj/Main.storyboard; sourceTree = "<group>"; };
		DDE81D471C7C05C100FC6F94 /* Assets.xcassets */ = {isa = PBXFileReference; lastKnownFileType = folder.assetcatalog; path = Assets.xcassets; sourceTree = "<group>"; };
		DDE81D4A1C7C05C100FC6F94 /* Base */ = {isa = PBXFileReference; lastKnownFileType = file.storyboard; name = Base; path = Base.lproj/LaunchScreen.storyboard; sourceTree = "<group>"; };
		DDE81D4C1C7C05C100FC6F94 /* Info.plist */ = {isa = PBXFileReference; lastKnownFileType = text.plist.xml; path = Info.plist; sourceTree = "<group>"; };
		DDE81D511C7C05C100FC6F94 /* JSPatchTestTests.xctest */ = {isa = PBXFileReference; explicitFileType = wrapper.cfbundle; includeInIndex = 0; path = JSPatchTestTests.xctest; sourceTree = BUILT_PRODUCTS_DIR; };
		DDE81D551C7C05C200FC6F94 /* JSPatchTestTests.m */ = {isa = PBXFileReference; lastKnownFileType = sourcecode.c.objc; path = JSPatchTestTests.m; sourceTree = "<group>"; };
		DDE81D571C7C05C200FC6F94 /* Info.plist */ = {isa = PBXFileReference; lastKnownFileType = text.plist.xml; path = Info.plist; sourceTree = "<group>"; };
		DDE81D5C1C7C05C200FC6F94 /* JSPatchTestUITests.xctest */ = {isa = PBXFileReference; explicitFileType = wrapper.cfbundle; includeInIndex = 0; path = JSPatchTestUITests.xctest; sourceTree = BUILT_PRODUCTS_DIR; };
		DDE81D601C7C05C200FC6F94 /* JSPatchTestUITests.m */ = {isa = PBXFileReference; lastKnownFileType = sourcecode.c.objc; path = JSPatchTestUITests.m; sourceTree = "<group>"; };
		DDE81D621C7C05C200FC6F94 /* Info.plist */ = {isa = PBXFileReference; lastKnownFileType = text.plist.xml; path = Info.plist; sourceTree = "<group>"; };
		DDE81D741C7C75E000FC6F94 /* JavaScriptCore.framework */ = {isa = PBXFileReference; lastKnownFileType = wrapper.framework; name = JavaScriptCore.framework; path = System/Library/Frameworks/JavaScriptCore.framework; sourceTree = SDKROOT; };
		DDE81D871C7D966000FC6F94 /* JPEngine.h */ = {isa = PBXFileReference; fileEncoding = 4; lastKnownFileType = sourcecode.c.h; path = JPEngine.h; sourceTree = "<group>"; };
		DDE81D881C7D966000FC6F94 /* JPEngine.m */ = {isa = PBXFileReference; fileEncoding = 4; lastKnownFileType = sourcecode.c.objc; path = JPEngine.m; sourceTree = "<group>"; };
		DDE81D891C7D966000FC6F94 /* JSPatch.js */ = {isa = PBXFileReference; fileEncoding = 4; lastKnownFileType = sourcecode.javascript; path = JSPatch.js; sourceTree = "<group>"; };
		DDE81D901C7D97F900FC6F94 /* test.plist */ = {isa = PBXFileReference; fileEncoding = 4; lastKnownFileType = text.plist.xml; path = test.plist; sourceTree = "<group>"; };
		DDE81D921C7D991700FC6F94 /* myjspatch.js */ = {isa = PBXFileReference; fileEncoding = 4; lastKnownFileType = sourcecode.javascript; path = myjspatch.js; sourceTree = "<group>"; };
/* End PBXFileReference section */

/* Begin PBXFrameworksBuildPhase section */
		DDE81D351C7C05C100FC6F94 /* Frameworks */ = {
			isa = PBXFrameworksBuildPhase;
			buildActionMask = 2147483647;
			files = (
				DDE81D751C7C75E000FC6F94 /* JavaScriptCore.framework in Frameworks */,
			);
			runOnlyForDeploymentPostprocessing = 0;
		};
		DDE81D4E1C7C05C100FC6F94 /* Frameworks */ = {
			isa = PBXFrameworksBuildPhase;
			buildActionMask = 2147483647;
			files = (
			);
			runOnlyForDeploymentPostprocessing = 0;
		};
		DDE81D591C7C05C200FC6F94 /* Frameworks */ = {
			isa = PBXFrameworksBuildPhase;
			buildActionMask = 2147483647;
			files = (
			);
			runOnlyForDeploymentPostprocessing = 0;
		};
/* End PBXFrameworksBuildPhase section */

/* Begin PBXGroup section */
		DDE81D2F1C7C05C100FC6F94 = {
			isa = PBXGroup;
			children = (
				DDE81D741C7C75E000FC6F94 /* JavaScriptCore.framework */,
				DDE81D3A1C7C05C100FC6F94 /* JSPatchTest */,
				DDE81D541C7C05C100FC6F94 /* JSPatchTestTests */,
				DDE81D5F1C7C05C200FC6F94 /* JSPatchTestUITests */,
				DDE81D391C7C05C100FC6F94 /* Products */,
			);
			sourceTree = "<group>";
		};
		DDE81D391C7C05C100FC6F94 /* Products */ = {
			isa = PBXGroup;
			children = (
				DDE81D381C7C05C100FC6F94 /* JSPatchTest.app */,
				DDE81D511C7C05C100FC6F94 /* JSPatchTestTests.xctest */,
				DDE81D5C1C7C05C200FC6F94 /* JSPatchTestUITests.xctest */,
			);
			name = Products;
			sourceTree = "<group>";
		};
		DDE81D3A1C7C05C100FC6F94 /* JSPatchTest */ = {
			isa = PBXGroup;
			children = (
				DDE81D921C7D991700FC6F94 /* myjspatch.js */,
				DDE81D861C7D966000FC6F94 /* JSPatch */,
				DDE81D3E1C7C05C100FC6F94 /* AppDelegate.h */,
				DDE81D3F1C7C05C100FC6F94 /* AppDelegate.m */,
				DDE81D411C7C05C100FC6F94 /* ViewController.h */,
				DDE81D421C7C05C100FC6F94 /* ViewController.m */,
				DDE81D441C7C05C100FC6F94 /* Main.storyboard */,
				DDE81D471C7C05C100FC6F94 /* Assets.xcassets */,
				DDE81D491C7C05C100FC6F94 /* LaunchScreen.storyboard */,
				DDE81D4C1C7C05C100FC6F94 /* Info.plist */,
				DDE81D3B1C7C05C100FC6F94 /* Supporting Files */,
			);
			path = JSPatchTest;
			sourceTree = "<group>";
		};
		DDE81D3B1C7C05C100FC6F94 /* Supporting Files */ = {
			isa = PBXGroup;
			children = (
				DDE81D3C1C7C05C100FC6F94 /* main.m */,
			);
			name = "Supporting Files";
			sourceTree = "<group>";
		};
		DDE81D541C7C05C100FC6F94 /* JSPatchTestTests */ = {
			isa = PBXGroup;
			children = (
				DDE81D551C7C05C200FC6F94 /* JSPatchTestTests.m */,
				DDE81D571C7C05C200FC6F94 /* Info.plist */,
			);
			path = JSPatchTestTests;
			sourceTree = "<group>";
		};
		DDE81D5F1C7C05C200FC6F94 /* JSPatchTestUITests */ = {
			isa = PBXGroup;
			children = (
				DDE81D601C7C05C200FC6F94 /* JSPatchTestUITests.m */,
				DDE81D621C7C05C200FC6F94 /* Info.plist */,
			);
			path = JSPatchTestUITests;
			sourceTree = "<group>";
		};
		DDE81D861C7D966000FC6F94 /* JSPatch */ = {
			isa = PBXGroup;
			children = (
				DDE81D901C7D97F900FC6F94 /* test.plist */,
				DDE81D891C7D966000FC6F94 /* JSPatch.js */,
				DDE81D871C7D966000FC6F94 /* JPEngine.h */,
				DDE81D881C7D966000FC6F94 /* JPEngine.m */,
			);
			path = JSPatch;
			sourceTree = "<group>";
		};
/* End PBXGroup section */

/* Begin PBXNativeTarget section */
		DDE81D371C7C05C100FC6F94 /* JSPatchTest */ = {
			isa = PBXNativeTarget;
			buildConfigurationList = DDE81D651C7C05C200FC6F94 /* Build configuration list for PBXNativeTarget "JSPatchTest" */;
			buildPhases = (
				DDE81D341C7C05C100FC6F94 /* Sources */,
				DDE81D351C7C05C100FC6F94 /* Frameworks */,
				DDE81D361C7C05C100FC6F94 /* Resources */,
			);
			buildRules = (
			);
			dependencies = (
			);
			name = JSPatchTest;
			productName = JSPatchTest;
			productReference = DDE81D381C7C05C100FC6F94 /* JSPatchTest.app */;
			productType = "com.apple.product-type.application";
		};
		DDE81D501C7C05C100FC6F94 /* JSPatchTestTests */ = {
			isa = PBXNativeTarget;
			buildConfigurationList = DDE81D681C7C05C200FC6F94 /* Build configuration list for PBXNativeTarget "JSPatchTestTests" */;
			buildPhases = (
				DDE81D4D1C7C05C100FC6F94 /* Sources */,
				DDE81D4E1C7C05C100FC6F94 /* Frameworks */,
				DDE81D4F1C7C05C100FC6F94 /* Resources */,
			);
			buildRules = (
			);
			dependencies = (
				DDE81D531C7C05C100FC6F94 /* PBXTargetDependency */,
			);
			name = JSPatchTestTests;
			productName = JSPatchTestTests;
			productReference = DDE81D511C7C05C100FC6F94 /* JSPatchTestTests.xctest */;
			productType = "com.apple.product-type.bundle.unit-test";
		};
		DDE81D5B1C7C05C200FC6F94 /* JSPatchTestUITests */ = {
			isa = PBXNativeTarget;
			buildConfigurationList = DDE81D6B1C7C05C200FC6F94 /* Build configuration list for PBXNativeTarget "JSPatchTestUITests" */;
			buildPhases = (
				DDE81D581C7C05C200FC6F94 /* Sources */,
				DDE81D591C7C05C200FC6F94 /* Frameworks */,
				DDE81D5A1C7C05C200FC6F94 /* Resources */,
			);
			buildRules = (
			);
			dependencies = (
				DDE81D5E1C7C05C200FC6F94 /* PBXTargetDependency */,
			);
			name = JSPatchTestUITests;
			productName = JSPatchTestUITests;
			productReference = DDE81D5C1C7C05C200FC6F94 /* JSPatchTestUITests.xctest */;
			productType = "com.apple.product-type.bundle.ui-testing";
		};
/* End PBXNativeTarget section */

/* Begin PBXProject section */
		DDE81D301C7C05C100FC6F94 /* Project object */ = {
			isa = PBXProject;
			attributes = {
				LastUpgradeCheck = 0710;
				ORGANIZATIONNAME = tunsuy;
				TargetAttributes = {
					DDE81D371C7C05C100FC6F94 = {
						CreatedOnToolsVersion = 7.1;
					};
					DDE81D501C7C05C100FC6F94 = {
						CreatedOnToolsVersion = 7.1;
						TestTargetID = DDE81D371C7C05C100FC6F94;
					};
					DDE81D5B1C7C05C200FC6F94 = {
						CreatedOnToolsVersion = 7.1;
						TestTargetID = DDE81D371C7C05C100FC6F94;
					};
				};
			};
			buildConfigurationList = DDE81D331C7C05C100FC6F94 /* Build configuration list for PBXProject "JSPatchTest" */;
			compatibilityVersion = "Xcode 3.2";
			developmentRegion = English;
			hasScannedForEncodings = 0;
			knownRegions = (
				en,
				Base,
			);
			mainGroup = DDE81D2F1C7C05C100FC6F94;
			productRefGroup = DDE81D391C7C05C100FC6F94 /* Products */;
			projectDirPath = "";
			projectRoot = "";
			targets = (
				DDE81D371C7C05C100FC6F94 /* JSPatchTest */,
				DDE81D501C7C05C100FC6F94 /* JSPatchTestTests */,
				DDE81D5B1C7C05C200FC6F94 /* JSPatchTestUITests */,
			);
		};
/* End PBXProject section */

/* Begin PBXResourcesBuildPhase section */
		DDE81D361C7C05C100FC6F94 /* Resources */ = {
			isa = PBXResourcesBuildPhase;
			buildActionMask = 2147483647;
			files = (
				DDE81D911C7D97F900FC6F94 /* test.plist in Resources */,
				DDE81D4B1C7C05C100FC6F94 /* LaunchScreen.storyboard in Resources */,
				DDE81D8B1C7D966000FC6F94 /* JSPatch.js in Resources */,
				DDE81D481C7C05C100FC6F94 /* Assets.xcassets in Resources */,
				DDE81D931C7D991700FC6F94 /* myjspatch.js in Resources */,
				DDE81D461C7C05C100FC6F94 /* Main.storyboard in Resources */,
			);
			runOnlyForDeploymentPostprocessing = 0;
		};
		DDE81D4F1C7C05C100FC6F94 /* Resources */ = {
			isa = PBXResourcesBuildPhase;
			buildActionMask = 2147483647;
			files = (
			);
			runOnlyForDeploymentPostprocessing = 0;
		};
		DDE81D5A1C7C05C200FC6F94 /* Resources */ = {
			isa = PBXResourcesBuildPhase;
			buildActionMask = 2147483647;
			files = (
			);
			runOnlyForDeploymentPostprocessing = 0;
		};
/* End PBXResourcesBuildPhase section */

/* Begin PBXSourcesBuildPhase section */
		DDE81D341C7C05C100FC6F94 /* Sources */ = {
			isa = PBXSourcesBuildPhase;
			buildActionMask = 2147483647;
			files = (
				DDE81D431C7C05C100FC6F94 /* ViewController.m in Sources */,
				DDE81D8A1C7D966000FC6F94 /* JPEngine.m in Sources */,
				DDE81D401C7C05C100FC6F94 /* AppDelegate.m in Sources */,
				DDE81D3D1C7C05C100FC6F94 /* main.m in Sources */,
			);
			runOnlyForDeploymentPostprocessing = 0;
		};
		DDE81D4D1C7C05C100FC6F94 /* Sources */ = {
			isa = PBXSourcesBuildPhase;
			buildActionMask = 2147483647;
			files = (
				DDE81D561C7C05C200FC6F94 /* JSPatchTestTests.m in Sources */,
			);
			runOnlyForDeploymentPostprocessing = 0;
		};
		DDE81D581C7C05C200FC6F94 /* Sources */ = {
			isa = PBXSourcesBuildPhase;
			buildActionMask = 2147483647;
			files = (
				DDE81D611C7C05C200FC6F94 /* JSPatchTestUITests.m in Sources */,
			);
			runOnlyForDeploymentPostprocessing = 0;
		};
/* End PBXSourcesBuildPhase section */

/* Begin PBXTargetDependency section */
		DDE81D531C7C05C100FC6F94 /* PBXTargetDependency */ = {
			isa = PBXTargetDependency;
			target = DDE81D371C7C05C100FC6F94 /* JSPatchTest */;
			targetProxy = DDE81D521C7C05C100FC6F94 /* PBXContainerItemProxy */;
		};
		DDE81D5E1C7C05C200FC6F94 /* PBXTargetDependency */ = {
			isa = PBXTargetDependency;
			target = DDE81D371C7C05C100FC6F94 /* JSPatchTest */;
			targetProxy = DDE81D5D1C7C05C200FC6F94 /* PBXContainerItemProxy */;
		};
/* End PBXTargetDependency section */

/* Begin PBXVariantGroup section */
		DDE81D441C7C05C100FC6F94 /* Main.storyboard */ = {
			isa = PBXVariantGroup;
			children = (
				DDE81D451C7C05C100FC6F94 /* Base */,
			);
			name = Main.storyboard;
			sourceTree = "<group>";
		};
		DDE81D491C7C05C100FC6F94 /* LaunchScreen.storyboard */ = {
			isa = PBXVariantGroup;
			children = (
				DDE81D4A1C7C05C100FC6F94 /* Base */,
			);
			name = LaunchScreen.storyboard;
			sourceTree = "<group>";
		};
/* End PBXVariantGroup section */

/* Begin XCBuildConfiguration section */
		DDE81D631C7C05C200FC6F94 /* Debug */ = {
			isa = XCBuildConfiguration;
			buildSettings = {
				ALWAYS_SEARCH_USER_PATHS = NO;
				CLANG_CXX_LANGUAGE_STANDARD = "gnu++0x";
				CLANG_CXX_LIBRARY = "libc++";
				CLANG_ENABLE_MODULES = YES;
				CLANG_ENABLE_OBJC_ARC = YES;
				CLANG_WARN_BOOL_CONVERSION = YES;
				CLANG_WARN_CONSTANT_CONVERSION = YES;
				CLANG_WARN_DIRECT_OBJC_ISA_USAGE = YES_ERROR;
				CLANG_WARN_EMPTY_BODY = YES;
				CLANG_WARN_ENUM_CONVERSION = YES;
				CLANG_WARN_INT_CONVERSION = YES;
				CLANG_WARN_OBJC_ROOT_CLASS = YES_ERROR;
				CLANG_WARN_UNREACHABLE_CODE = YES;
				CLANG_WARN__DUPLICATE_METHOD_MATCH = YES;
				"CODE_SIGN_IDENTITY[sdk=iphoneos*]" = "iPhone Developer";
				COPY_PHASE_STRIP = NO;
				DEBUG_INFORMATION_FORMAT = dwarf;
				ENABLE_STRICT_OBJC_MSGSEND = YES;
				ENABLE_TESTABILITY = YES;
				GCC_C_LANGUAGE_STANDARD = gnu99;
				GCC_DYNAMIC_NO_PIC = NO;
				GCC_NO_COMMON_BLOCKS = YES;
				GCC_OPTIMIZATION_LEVEL = 0;
				GCC_PREPROCESSOR_DEFINITIONS = (
					"DEBUG=1",
					"$(inherited)",
				);
				GCC_WARN_64_TO_32_BIT_CONVERSION = YES;
				GCC_WARN_ABOUT_RETURN_TYPE = YES_ERROR;
				GCC_WARN_UNDECLARED_SELECTOR = YES;
				GCC_WARN_UNINITIALIZED_AUTOS = YES_AGGRESSIVE;
				GCC_WARN_UNUSED_FUNCTION = YES;
				GCC_WARN_UNUSED_VARIABLE = YES;
				IPHONEOS_DEPLOYMENT_TARGET = 9.1;
				MTL_ENABLE_DEBUG_INFO = YES;
				ONLY_ACTIVE_ARCH = YES;
				SDKROOT = iphoneos;
			};
			name = Debug;
		};
		DDE81D641C7C05C200FC6F94 /* Release */ = {
			isa = XCBuildConfiguration;
			buildSettings = {
				ALWAYS_SEARCH_USER_PATHS = NO;
				CLANG_CXX_LANGUAGE_STANDARD = "gnu++0x";
				CLANG_CXX_LIBRARY = "libc++";
				CLANG_ENABLE_MODULES = YES;
				CLANG_ENABLE_OBJC_ARC = YES;
				CLANG_WARN_BOOL_CONVERSION = YES;
				CLANG_WARN_CONSTANT_CONVERSION = YES;
				CLANG_WARN_DIRECT_OBJC_ISA_USAGE = YES_ERROR;
				CLANG_WARN_EMPTY_BODY = YES;
				CLANG_WARN_ENUM_CONVERSION = YES;
				CLANG_WARN_INT_CONVERSION = YES;
				CLANG_WARN_OBJC_ROOT_CLASS = YES_ERROR;
				CLANG_WARN_UNREACHABLE_CODE = YES;
				CLANG_WARN__DUPLICATE_METHOD_MATCH = YES;
				"CODE_SIGN_IDENTITY[sdk=iphoneos*]" = "iPhone Developer";
				COPY_PHASE_STRIP = NO;
				DEBUG_INFORMATION_FORMAT = "dwarf-with-dsym";
				ENABLE_NS_ASSERTIONS = NO;
				ENABLE_STRICT_OBJC_MSGSEND = YES;
				GCC_C_LANGUAGE_STANDARD = gnu99;
				GCC_NO_COMMON_BLOCKS = YES;
				GCC_WARN_64_TO_32_BIT_CONVERSION = YES;
				GCC_WARN_ABOUT_RETURN_TYPE = YES_ERROR;
				GCC_WARN_UNDECLARED_SELECTOR = YES;
				GCC_WARN_UNINITIALIZED_AUTOS = YES_AGGRESSIVE;
				GCC_WARN_UNUSED_FUNCTION = YES;
				GCC_WARN_UNUSED_VARIABLE = YES;
				IPHONEOS_DEPLOYMENT_TARGET = 9.1;
				MTL_ENABLE_DEBUG_INFO = NO;
				SDKROOT = iphoneos;
				VALIDATE_PRODUCT = YES;
			};
			name = Release;
		};
		DDE81D661C7C05C200FC6F94 /* Debug */ = {
			isa = XCBuildConfiguration;
			buildSettings = {
				ASSETCATALOG_COMPILER_APPICON_NAME = AppIcon;
				INFOPLIST_FILE = JSPatchTest/Info.plist;
				LD_RUNPATH_SEARCH_PATHS = "$(inherited) @executable_path/Frameworks";
				PRODUCT_BUNDLE_IDENTIFIER = com.sangfor.JSPatchTest;
				PRODUCT_NAME = "$(TARGET_NAME)";
			};
			name = Debug;
		};
		DDE81D671C7C05C200FC6F94 /* Release */ = {
			isa = XCBuildConfiguration;
			buildSettings = {
				ASSETCATALOG_COMPILER_APPICON_NAME = AppIcon;
				INFOPLIST_FILE = JSPatchTest/Info.plist;
				LD_RUNPATH_SEARCH_PATHS = "$(inherited) @executable_path/Frameworks";
				PRODUCT_BUNDLE_IDENTIFIER = com.sangfor.JSPatchTest;
				PRODUCT_NAME = "$(TARGET_NAME)";
			};
			name = Release;
		};
		DDE81D691C7C05C200FC6F94 /* Debug */ = {
			isa = XCBuildConfiguration;
			buildSettings = {
				BUNDLE_LOADER = "$(TEST_HOST)";
				INFOPLIST_FILE = JSPatchTestTests/Info.plist;
				LD_RUNPATH_SEARCH_PATHS = "$(inherited) @executable_path/Frameworks @loader_path/Frameworks";
				PRODUCT_BUNDLE_IDENTIFIER = com.sangfor.JSPatchTestTests;
				PRODUCT_NAME = "$(TARGET_NAME)";
				TEST_HOST = "$(BUILT_PRODUCTS_DIR)/JSPatchTest.app/JSPatchTest";
			};
			name = Debug;
		};
		DDE81D6A1C7C05C200FC6F94 /* Release */ = {
			isa = XCBuildConfiguration;
			buildSettings = {
				BUNDLE_LOADER = "$(TEST_HOST)";
				INFOPLIST_FILE = JSPatchTestTests/Info.plist;
				LD_RUNPATH_SEARCH_PATHS = "$(inherited) @executable_path/Frameworks @loader_path/Frameworks";
				PRODUCT_BUNDLE_IDENTIFIER = com.sangfor.JSPatchTestTests;
				PRODUCT_NAME = "$(TARGET_NAME)";
				TEST_HOST = "$(BUILT_PRODUCTS_DIR)/JSPatchTest.app/JSPatchTest";
			};
			name = Release;
		};
		DDE81D6C1C7C05C200FC6F94 /* Debug */ = {
			isa = XCBuildConfiguration;
			buildSettings = {
				INFOPLIST_FILE = JSPatchTestUITests/Info.plist;
				LD_RUNPATH_SEARCH_PATHS = "$(inherited) @executable_path/Frameworks @loader_path/Frameworks";
				PRODUCT_BUNDLE_IDENTIFIER = com.sangfor.JSPatchTestUITests;
				PRODUCT_NAME = "$(TARGET_NAME)";
				TEST_TARGET_NAME = JSPatchTest;
				USES_XCTRUNNER = YES;
			};
			name = Debug;
		};
		DDE81D6D1C7C05C200FC6F94 /* Release */ = {
			isa = XCBuildConfiguration;
			buildSettings = {
				INFOPLIST_FILE = JSPatchTestUITests/Info.plist;
				LD_RUNPATH_SEARCH_PATHS = "$(inherited) @executable_path/Frameworks @loader_path/Frameworks";
				PRODUCT_BUNDLE_IDENTIFIER = com.sangfor.JSPatchTestUITests;
				PRODUCT_NAME = "$(TARGET_NAME)";
				TEST_TARGET_NAME = JSPatchTest;
				USES_XCTRUNNER = YES;
			};
			name = Release;
		};
/* End XCBuildConfiguration section */

/* Begin XCConfigurationList section */
		DDE81D331C7C05C100FC6F94 /* Build configuration list for PBXProject "JSPatchTest" */ = {
			isa = XCConfigurationList;
			buildConfigurations = (
				DDE81D631C7C05C200FC6F94 /* Debug */,
				DDE81D641C7C05C200FC6F94 /* Release */,
			);
			defaultConfigurationIsVisible = 0;
			defaultConfigurationName = Release;
		};
		DDE81D651C7C05C200FC6F94 /* Build configuration list for PBXNativeTarget "JSPatchTest" */ = {
			isa = XCConfigurationList;
			buildConfigurations = (
				DDE81D661C7C05C200FC6F94 /* Debug */,
				DDE81D671C7C05C200FC6F94 /* Release */,
			);
			defaultConfigurationIsVisible = 0;
		};
		DDE81D681C7C05C200FC6F94 /* Build configuration list for PBXNativeTarget "JSPatchTestTests" */ = {
			isa = XCConfigurationList;
			buildConfigurations = (
				DDE81D691C7C05C200FC6F94 /* Debug */,
				DDE81D6A1C7C05C200FC6F94 /* Release */,
			);
			defaultConfigurationIsVisible = 0;
		};
		DDE81D6B1C7C05C200FC6F94 /* Build configuration list for PBXNativeTarget "JSPatchTestUITests" */ = {
			isa = XCConfigurationList;
			buildConfigurations = (
				DDE81D6C1C7C05C200FC6F94 /* Debug */,
				DDE81D6D1C7C05C200FC6F94 /* Release */,
			);
			defaultConfigurationIsVisible = 0;
		};
/* End XCConfigurationList section */
	};
	rootObject = DDE81D301C7C05C100FC6F94 /* Project object */;
}
